// !$*UTF8*$!
{
	archiveVersion = 1;
	classes = {
	};
	objectVersion = 46;
	objects = {

/* Begin PBXBuildFile section */
		2946D3F742B94F6DBDB00E51 /* libPods.a in Frameworks */ = {isa = PBXBuildFile; fileRef = 02AB4A0C5C4A49C9A6CF5B50 /* libPods.a */; };
		5828636C79AC4B2BBF1D48DB /* libPods-Specs.a in Frameworks */ = {isa = PBXBuildFile; fileRef = FF614AE7C9B74202A6CD5D32 /* libPods-Specs.a */; };
		B52A0D1C188DED6C00C21D6C /* Foundation.framework in Frameworks */ = {isa = PBXBuildFile; fileRef = B52A0D1B188DED6C00C21D6C /* Foundation.framework */; };
		B52A0D1E188DED6C00C21D6C /* CoreGraphics.framework in Frameworks */ = {isa = PBXBuildFile; fileRef = B52A0D1D188DED6C00C21D6C /* CoreGraphics.framework */; };
		B52A0D20188DED6C00C21D6C /* UIKit.framework in Frameworks */ = {isa = PBXBuildFile; fileRef = B52A0D1F188DED6C00C21D6C /* UIKit.framework */; };
		B52A0D35188DED6C00C21D6C /* XCTest.framework in Frameworks */ = {isa = PBXBuildFile; fileRef = B52A0D34188DED6C00C21D6C /* XCTest.framework */; };
		B52A0D36188DED6C00C21D6C /* Foundation.framework in Frameworks */ = {isa = PBXBuildFile; fileRef = B52A0D1B188DED6C00C21D6C /* Foundation.framework */; };
		B52A0D37188DED6C00C21D6C /* UIKit.framework in Frameworks */ = {isa = PBXBuildFile; fileRef = B52A0D1F188DED6C00C21D6C /* UIKit.framework */; };
		B536C109188DED9400C02470 /* BDKAppDelegate.m in Sources */ = {isa = PBXBuildFile; fileRef = B536C102188DED9400C02470 /* BDKAppDelegate.m */; };
		B536C10B188DED9400C02470 /* InfoPlist.strings in Resources */ = {isa = PBXBuildFile; fileRef = B536C105188DED9400C02470 /* InfoPlist.strings */; };
		B536C10C188DED9400C02470 /* Images.xcassets in Resources */ = {isa = PBXBuildFile; fileRef = B536C107188DED9400C02470 /* Images.xcassets */; };
		B536C10D188DED9400C02470 /* main.m in Sources */ = {isa = PBXBuildFile; fileRef = B536C108188DED9400C02470 /* main.m */; };
		B536C113188DED9C00C02470 /* Specs-Info.plist in Resources */ = {isa = PBXBuildFile; fileRef = B536C10F188DED9C00C02470 /* Specs-Info.plist */; };
		B536C114188DED9C00C02470 /* BDKAutomaticTests.m in Sources */ = {isa = PBXBuildFile; fileRef = B536C110188DED9C00C02470 /* BDKAutomaticTests.m */; };
		B536C115188DED9C00C02470 /* InfoPlist.strings in Resources */ = {isa = PBXBuildFile; fileRef = B536C111188DED9C00C02470 /* InfoPlist.strings */; };
		B58FEB2B18A1F319009A6F62 /* MapKit.framework in Frameworks */ = {isa = PBXBuildFile; fileRef = B58FEB2A18A1F319009A6F62 /* MapKit.framework */; };
		B5AA05CE189ED0DA00F516D4 /* BDKAuthViewController.m in Sources */ = {isa = PBXBuildFile; fileRef = B5AA05CD189ED0DA00F516D4 /* BDKAuthViewController.m */; };
		B5AA05D8189EDC8C00F516D4 /* BDKAutomaticSecrets.plist in Resources */ = {isa = PBXBuildFile; fileRef = B5AA05D7189EDC8C00F516D4 /* BDKAutomaticSecrets.plist */; };
		B5AA05DB189EE2E700F516D4 /* BDKTableViewController.m in Sources */ = {isa = PBXBuildFile; fileRef = B5AA05DA189EE2E700F516D4 /* BDKTableViewController.m */; };
		B5B3F54E18A12FA00043E3CE /* BDKMapViewController.m in Sources */ = {isa = PBXBuildFile; fileRef = B5B3F54D18A12FA00043E3CE /* BDKMapViewController.m */; };
/* End PBXBuildFile section */

/* Begin PBXContainerItemProxy section */
		B52A0D38188DED6C00C21D6C /* PBXContainerItemProxy */ = {
			isa = PBXContainerItemProxy;
			containerPortal = B52A0D10188DED6B00C21D6C /* Project object */;
			proxyType = 1;
			remoteGlobalIDString = B52A0D17188DED6C00C21D6C;
			remoteInfo = BDKAutomatic;
		};
/* End PBXContainerItemProxy section */

/* Begin PBXFileReference section */
		02AB4A0C5C4A49C9A6CF5B50 /* libPods.a */ = {isa = PBXFileReference; explicitFileType = archive.ar; includeInIndex = 0; path = libPods.a; sourceTree = BUILT_PRODUCTS_DIR; };
		70EB720583C2358271A8F2EC /* Pods-Specs.debug.xcconfig */ = {isa = PBXFileReference; includeInIndex = 1; lastKnownFileType = text.xcconfig; name = "Pods-Specs.debug.xcconfig"; path = "Pods/Target Support Files/Pods-Specs/Pods-Specs.debug.xcconfig"; sourceTree = "<group>"; };
		B52A0D18188DED6C00C21D6C /* BDKAutomatic.app */ = {isa = PBXFileReference; explicitFileType = wrapper.application; includeInIndex = 0; path = BDKAutomatic.app; sourceTree = BUILT_PRODUCTS_DIR; };
		B52A0D1B188DED6C00C21D6C /* Foundation.framework */ = {isa = PBXFileReference; lastKnownFileType = wrapper.framework; name = Foundation.framework; path = System/Library/Frameworks/Foundation.framework; sourceTree = SDKROOT; };
		B52A0D1D188DED6C00C21D6C /* CoreGraphics.framework */ = {isa = PBXFileReference; lastKnownFileType = wrapper.framework; name = CoreGraphics.framework; path = System/Library/Frameworks/CoreGraphics.framework; sourceTree = SDKROOT; };
		B52A0D1F188DED6C00C21D6C /* UIKit.framework */ = {isa = PBXFileReference; lastKnownFileType = wrapper.framework; name = UIKit.framework; path = System/Library/Frameworks/UIKit.framework; sourceTree = SDKROOT; };
		B52A0D33188DED6C00C21D6C /* Specs.xctest */ = {isa = PBXFileReference; explicitFileType = wrapper.cfbundle; includeInIndex = 0; path = Specs.xctest; sourceTree = BUILT_PRODUCTS_DIR; };
		B52A0D34188DED6C00C21D6C /* XCTest.framework */ = {isa = PBXFileReference; lastKnownFileType = wrapper.framework; name = XCTest.framework; path = Library/Frameworks/XCTest.framework; sourceTree = DEVELOPER_DIR; };
		B536C101188DED9400C02470 /* BDKAppDelegate.h */ = {isa = PBXFileReference; fileEncoding = 4; lastKnownFileType = sourcecode.c.h; path = BDKAppDelegate.h; sourceTree = "<group>"; };
		B536C102188DED9400C02470 /* BDKAppDelegate.m */ = {isa = PBXFileReference; fileEncoding = 4; lastKnownFileType = sourcecode.c.objc; path = BDKAppDelegate.m; sourceTree = "<group>"; };
		B536C103188DED9400C02470 /* Info.plist */ = {isa = PBXFileReference; fileEncoding = 4; lastKnownFileType = text.plist.xml; path = Info.plist; sourceTree = "<group>"; };
		B536C104188DED9400C02470 /* Prefix.pch */ = {isa = PBXFileReference; fileEncoding = 4; lastKnownFileType = sourcecode.c.h; path = Prefix.pch; sourceTree = "<group>"; };
		B536C106188DED9400C02470 /* en */ = {isa = PBXFileReference; lastKnownFileType = text.plist.strings; name = en; path = en.lproj/InfoPlist.strings; sourceTree = "<group>"; };
		B536C107188DED9400C02470 /* Images.xcassets */ = {isa = PBXFileReference; lastKnownFileType = folder.assetcatalog; path = Images.xcassets; sourceTree = "<group>"; };
		B536C108188DED9400C02470 /* main.m */ = {isa = PBXFileReference; fileEncoding = 4; lastKnownFileType = sourcecode.c.objc; path = main.m; sourceTree = "<group>"; };
		B536C10F188DED9C00C02470 /* Specs-Info.plist */ = {isa = PBXFileReference; fileEncoding = 4; lastKnownFileType = text.plist.xml; path = "Specs-Info.plist"; sourceTree = "<group>"; };
		B536C110188DED9C00C02470 /* BDKAutomaticTests.m */ = {isa = PBXFileReference; fileEncoding = 4; lastKnownFileType = sourcecode.c.objc; path = BDKAutomaticTests.m; sourceTree = "<group>"; };
		B536C112188DED9C00C02470 /* en */ = {isa = PBXFileReference; lastKnownFileType = text.plist.strings; name = en; path = en.lproj/InfoPlist.strings; sourceTree = "<group>"; };
		B58FEB2A18A1F319009A6F62 /* MapKit.framework */ = {isa = PBXFileReference; lastKnownFileType = wrapper.framework; name = MapKit.framework; path = System/Library/Frameworks/MapKit.framework; sourceTree = SDKROOT; };
		B5AA05CC189ED0DA00F516D4 /* BDKAuthViewController.h */ = {isa = PBXFileReference; fileEncoding = 4; lastKnownFileType = sourcecode.c.h; path = BDKAuthViewController.h; sourceTree = "<group>"; };
		B5AA05CD189ED0DA00F516D4 /* BDKAuthViewController.m */ = {isa = PBXFileReference; fileEncoding = 4; lastKnownFileType = sourcecode.c.objc; path = BDKAuthViewController.m; sourceTree = "<group>"; };
		B5AA05D7189EDC8C00F516D4 /* BDKAutomaticSecrets.plist */ = {isa = PBXFileReference; fileEncoding = 4; lastKnownFileType = text.plist.xml; path = BDKAutomaticSecrets.plist; sourceTree = "<group>"; };
		B5AA05D9189EE2E700F516D4 /* BDKTableViewController.h */ = {isa = PBXFileReference; fileEncoding = 4; lastKnownFileType = sourcecode.c.h; path = BDKTableViewController.h; sourceTree = "<group>"; };
		B5AA05DA189EE2E700F516D4 /* BDKTableViewController.m */ = {isa = PBXFileReference; fileEncoding = 4; lastKnownFileType = sourcecode.c.objc; path = BDKTableViewController.m; sourceTree = "<group>"; };
		B5B3F54C18A12FA00043E3CE /* BDKMapViewController.h */ = {isa = PBXFileReference; fileEncoding = 4; lastKnownFileType = sourcecode.c.h; path = BDKMapViewController.h; sourceTree = "<group>"; };
		B5B3F54D18A12FA00043E3CE /* BDKMapViewController.m */ = {isa = PBXFileReference; fileEncoding = 4; lastKnownFileType = sourcecode.c.objc; path = BDKMapViewController.m; sourceTree = "<group>"; };
		DAA188196C9D81BE0DB0A0CB /* Pods.release.xcconfig */ = {isa = PBXFileReference; includeInIndex = 1; lastKnownFileType = text.xcconfig; name = Pods.release.xcconfig; path = "Pods/Target Support Files/Pods/Pods.release.xcconfig"; sourceTree = "<group>"; };
		E93DE9D0A47914EF61C0E278 /* Pods.debug.xcconfig */ = {isa = PBXFileReference; includeInIndex = 1; lastKnownFileType = text.xcconfig; name = Pods.debug.xcconfig; path = "Pods/Target Support Files/Pods/Pods.debug.xcconfig"; sourceTree = "<group>"; };
		F3F51D676EFA11B4330A349B /* Pods-Specs.release.xcconfig */ = {isa = PBXFileReference; includeInIndex = 1; lastKnownFileType = text.xcconfig; name = "Pods-Specs.release.xcconfig"; path = "Pods/Target Support Files/Pods-Specs/Pods-Specs.release.xcconfig"; sourceTree = "<group>"; };
		FF614AE7C9B74202A6CD5D32 /* libPods-Specs.a */ = {isa = PBXFileReference; explicitFileType = archive.ar; includeInIndex = 0; path = "libPods-Specs.a"; sourceTree = BUILT_PRODUCTS_DIR; };
/* End PBXFileReference section */

/* Begin PBXFrameworksBuildPhase section */
		B52A0D15188DED6C00C21D6C /* Frameworks */ = {
			isa = PBXFrameworksBuildPhase;
			buildActionMask = 2147483647;
			files = (
				B58FEB2B18A1F319009A6F62 /* MapKit.framework in Frameworks */,
				B52A0D1E188DED6C00C21D6C /* CoreGraphics.framework in Frameworks */,
				B52A0D20188DED6C00C21D6C /* UIKit.framework in Frameworks */,
				B52A0D1C188DED6C00C21D6C /* Foundation.framework in Frameworks */,
				2946D3F742B94F6DBDB00E51 /* libPods.a in Frameworks */,
			);
			runOnlyForDeploymentPostprocessing = 0;
		};
		B52A0D30188DED6C00C21D6C /* Frameworks */ = {
			isa = PBXFrameworksBuildPhase;
			buildActionMask = 2147483647;
			files = (
				B52A0D35188DED6C00C21D6C /* XCTest.framework in Frameworks */,
				B52A0D37188DED6C00C21D6C /* UIKit.framework in Frameworks */,
				B52A0D36188DED6C00C21D6C /* Foundation.framework in Frameworks */,
				5828636C79AC4B2BBF1D48DB /* libPods-Specs.a in Frameworks */,
			);
			runOnlyForDeploymentPostprocessing = 0;
		};
/* End PBXFrameworksBuildPhase section */

/* Begin PBXGroup section */
		08A565A7B3D8E0E4FA3AF060 /* Pods */ = {
			isa = PBXGroup;
			children = (
				E93DE9D0A47914EF61C0E278 /* Pods.debug.xcconfig */,
				DAA188196C9D81BE0DB0A0CB /* Pods.release.xcconfig */,
				70EB720583C2358271A8F2EC /* Pods-Specs.debug.xcconfig */,
				F3F51D676EFA11B4330A349B /* Pods-Specs.release.xcconfig */,
			);
			name = Pods;
			sourceTree = "<group>";
		};
		B52A0D0F188DED6B00C21D6C = {
			isa = PBXGroup;
			children = (
				B536C100188DED9400C02470 /* Classes */,
				B52A0D1A188DED6C00C21D6C /* Frameworks */,
				B52A0D19188DED6C00C21D6C /* Products */,
				B536C10E188DED9C00C02470 /* Specs */,
				08A565A7B3D8E0E4FA3AF060 /* Pods */,
			);
			sourceTree = "<group>";
		};
		B52A0D19188DED6C00C21D6C /* Products */ = {
			isa = PBXGroup;
			children = (
				B52A0D18188DED6C00C21D6C /* BDKAutomatic.app */,
				B52A0D33188DED6C00C21D6C /* Specs.xctest */,
			);
			name = Products;
			sourceTree = "<group>";
		};
		B52A0D1A188DED6C00C21D6C /* Frameworks */ = {
			isa = PBXGroup;
			children = (
				B58FEB2A18A1F319009A6F62 /* MapKit.framework */,
				B52A0D1B188DED6C00C21D6C /* Foundation.framework */,
				B52A0D1D188DED6C00C21D6C /* CoreGraphics.framework */,
				B52A0D1F188DED6C00C21D6C /* UIKit.framework */,
				B52A0D34188DED6C00C21D6C /* XCTest.framework */,
				02AB4A0C5C4A49C9A6CF5B50 /* libPods.a */,
				FF614AE7C9B74202A6CD5D32 /* libPods-Specs.a */,
			);
			name = Frameworks;
			sourceTree = "<group>";
		};
		B536C100188DED9400C02470 /* Classes */ = {
			isa = PBXGroup;
			children = (
				B536C101188DED9400C02470 /* BDKAppDelegate.h */,
				B536C102188DED9400C02470 /* BDKAppDelegate.m */,
				B5AA05CC189ED0DA00F516D4 /* BDKAuthViewController.h */,
				B5AA05CD189ED0DA00F516D4 /* BDKAuthViewController.m */,
				B5B3F54C18A12FA00043E3CE /* BDKMapViewController.h */,
				B5B3F54D18A12FA00043E3CE /* BDKMapViewController.m */,
				B5AA05D9189EE2E700F516D4 /* BDKTableViewController.h */,
				B5AA05DA189EE2E700F516D4 /* BDKTableViewController.m */,
				B5AA05D7189EDC8C00F516D4 /* BDKAutomaticSecrets.plist */,
				B536C103188DED9400C02470 /* Info.plist */,
				B536C104188DED9400C02470 /* Prefix.pch */,
				B536C105188DED9400C02470 /* InfoPlist.strings */,
				B536C107188DED9400C02470 /* Images.xcassets */,
				B536C108188DED9400C02470 /* main.m */,
			);
			path = Classes;
			sourceTree = "<group>";
		};
		B536C10E188DED9C00C02470 /* Specs */ = {
			isa = PBXGroup;
			children = (
				B536C10F188DED9C00C02470 /* Specs-Info.plist */,
				B536C110188DED9C00C02470 /* BDKAutomaticTests.m */,
				B536C111188DED9C00C02470 /* InfoPlist.strings */,
			);
			path = Specs;
			sourceTree = "<group>";
		};
/* End PBXGroup section */

/* Begin PBXNativeTarget section */
		B52A0D17188DED6C00C21D6C /* BDKAutomatic */ = {
			isa = PBXNativeTarget;
			buildConfigurationList = B52A0D44188DED6C00C21D6C /* Build configuration list for PBXNativeTarget "BDKAutomatic" */;
			buildPhases = (
				337D016C90B84EE79DAC83FE /* Check Pods Manifest.lock */,
				B52A0D14188DED6C00C21D6C /* Sources */,
				B52A0D15188DED6C00C21D6C /* Frameworks */,
				B52A0D16188DED6C00C21D6C /* Resources */,
				3A462E5C77B34338ACDCAC40 /* Copy Pods Resources */,
			);
			buildRules = (
			);
			dependencies = (
			);
			name = BDKAutomatic;
			productName = BDKAutomatic;
			productReference = B52A0D18188DED6C00C21D6C /* BDKAutomatic.app */;
			productType = "com.apple.product-type.application";
		};
		B52A0D32188DED6C00C21D6C /* Specs */ = {
			isa = PBXNativeTarget;
			buildConfigurationList = B52A0D47188DED6C00C21D6C /* Build configuration list for PBXNativeTarget "Specs" */;
			buildPhases = (
				8FFD181ED77E463B942022A1 /* Check Pods Manifest.lock */,
				B52A0D2F188DED6C00C21D6C /* Sources */,
				B52A0D30188DED6C00C21D6C /* Frameworks */,
				B52A0D31188DED6C00C21D6C /* Resources */,
				D0CB7AC471834E4CB6EE60DD /* Copy Pods Resources */,
			);
			buildRules = (
			);
			dependencies = (
				B52A0D39188DED6C00C21D6C /* PBXTargetDependency */,
			);
			name = Specs;
			productName = BDKAutomaticTests;
			productReference = B52A0D33188DED6C00C21D6C /* Specs.xctest */;
			productType = "com.apple.product-type.bundle.unit-test";
		};
/* End PBXNativeTarget section */

/* Begin PBXProject section */
		B52A0D10188DED6B00C21D6C /* Project object */ = {
			isa = PBXProject;
			attributes = {
				CLASSPREFIX = BDK;
				LastUpgradeCheck = 0500;
				ORGANIZATIONNAME = "Ben Kreeger";
				TargetAttributes = {
					B52A0D32188DED6C00C21D6C = {
						TestTargetID = B52A0D17188DED6C00C21D6C;
					};
				};
			};
			buildConfigurationList = B52A0D13188DED6B00C21D6C /* Build configuration list for PBXProject "BDKAutomatic" */;
			compatibilityVersion = "Xcode 3.2";
			developmentRegion = English;
			hasScannedForEncodings = 0;
			knownRegions = (
				en,
			);
			mainGroup = B52A0D0F188DED6B00C21D6C;
			productRefGroup = B52A0D19188DED6C00C21D6C /* Products */;
			projectDirPath = "";
			projectRoot = "";
			targets = (
				B52A0D17188DED6C00C21D6C /* BDKAutomatic */,
				B52A0D32188DED6C00C21D6C /* Specs */,
			);
		};
/* End PBXProject section */

/* Begin PBXResourcesBuildPhase section */
		B52A0D16188DED6C00C21D6C /* Resources */ = {
			isa = PBXResourcesBuildPhase;
			buildActionMask = 2147483647;
			files = (
				B536C10C188DED9400C02470 /* Images.xcassets in Resources */,
				B5AA05D8189EDC8C00F516D4 /* BDKAutomaticSecrets.plist in Resources */,
				B536C10B188DED9400C02470 /* InfoPlist.strings in Resources */,
			);
			runOnlyForDeploymentPostprocessing = 0;
		};
		B52A0D31188DED6C00C21D6C /* Resources */ = {
			isa = PBXResourcesBuildPhase;
			buildActionMask = 2147483647;
			files = (
				B536C113188DED9C00C02470 /* Specs-Info.plist in Resources */,
				B536C115188DED9C00C02470 /* InfoPlist.strings in Resources */,
			);
			runOnlyForDeploymentPostprocessing = 0;
		};
/* End PBXResourcesBuildPhase section */

/* Begin PBXShellScriptBuildPhase section */
		337D016C90B84EE79DAC83FE /* Check Pods Manifest.lock */ = {
			isa = PBXShellScriptBuildPhase;
			buildActionMask = 2147483647;
			files = (
			);
			inputPaths = (
			);
			name = "Check Pods Manifest.lock";
			outputPaths = (
			);
			runOnlyForDeploymentPostprocessing = 0;
			shellPath = /bin/sh;
			shellScript = "diff \"${PODS_ROOT}/../Podfile.lock\" \"${PODS_ROOT}/Manifest.lock\" > /dev/null\nif [[ $? != 0 ]] ; then\n    cat << EOM\nerror: The sandbox is not in sync with the Podfile.lock. Run 'pod install' or update your CocoaPods installation.\nEOM\n    exit 1\nfi\n";
			showEnvVarsInLog = 0;
		};
		3A462E5C77B34338ACDCAC40 /* Copy Pods Resources */ = {
			isa = PBXShellScriptBuildPhase;
			buildActionMask = 2147483647;
			files = (
			);
			inputPaths = (
			);
			name = "Copy Pods Resources";
			outputPaths = (
			);
			runOnlyForDeploymentPostprocessing = 0;
			shellPath = /bin/sh;
			shellScript = "\"${SRCROOT}/Pods/Target Support Files/Pods/Pods-resources.sh\"\n";
			showEnvVarsInLog = 0;
		};
		8FFD181ED77E463B942022A1 /* Check Pods Manifest.lock */ = {
			isa = PBXShellScriptBuildPhase;
			buildActionMask = 2147483647;
			files = (
			);
			inputPaths = (
			);
			name = "Check Pods Manifest.lock";
			outputPaths = (
			);
			runOnlyForDeploymentPostprocessing = 0;
			shellPath = /bin/sh;
			shellScript = "diff \"${PODS_ROOT}/../Podfile.lock\" \"${PODS_ROOT}/Manifest.lock\" > /dev/null\nif [[ $? != 0 ]] ; then\n    cat << EOM\nerror: The sandbox is not in sync with the Podfile.lock. Run 'pod install' or update your CocoaPods installation.\nEOM\n    exit 1\nfi\n";
			showEnvVarsInLog = 0;
		};
		D0CB7AC471834E4CB6EE60DD /* Copy Pods Resources */ = {
			isa = PBXShellScriptBuildPhase;
			buildActionMask = 2147483647;
			files = (
			);
			inputPaths = (
			);
			name = "Copy Pods Resources";
			outputPaths = (
			);
			runOnlyForDeploymentPostprocessing = 0;
			shellPath = /bin/sh;
			shellScript = "\"${SRCROOT}/Pods/Target Support Files/Pods-Specs/Pods-Specs-resources.sh\"\n";
			showEnvVarsInLog = 0;
		};
/* End PBXShellScriptBuildPhase section */

/* Begin PBXSourcesBuildPhase section */
		B52A0D14188DED6C00C21D6C /* Sources */ = {
			isa = PBXSourcesBuildPhase;
			buildActionMask = 2147483647;
			files = (
				B5B3F54E18A12FA00043E3CE /* BDKMapViewController.m in Sources */,
				B5AA05CE189ED0DA00F516D4 /* BDKAuthViewController.m in Sources */,
				B536C10D188DED9400C02470 /* main.m in Sources */,
				B536C109188DED9400C02470 /* BDKAppDelegate.m in Sources */,
				B5AA05DB189EE2E700F516D4 /* BDKTableViewController.m in Sources */,
			);
			runOnlyForDeploymentPostprocessing = 0;
		};
		B52A0D2F188DED6C00C21D6C /* Sources */ = {
			isa = PBXSourcesBuildPhase;
			buildActionMask = 2147483647;
			files = (
				B536C114188DED9C00C02470 /* BDKAutomaticTests.m in Sources */,
			);
			runOnlyForDeploymentPostprocessing = 0;
		};
/* End PBXSourcesBuildPhase section */

/* Begin PBXTargetDependency section */
		B52A0D39188DED6C00C21D6C /* PBXTargetDependency */ = {
			isa = PBXTargetDependency;
			target = B52A0D17188DED6C00C21D6C /* BDKAutomatic */;
			targetProxy = B52A0D38188DED6C00C21D6C /* PBXContainerItemProxy */;
		};
/* End PBXTargetDependency section */

/* Begin PBXVariantGroup section */
		B536C105188DED9400C02470 /* InfoPlist.strings */ = {
			isa = PBXVariantGroup;
			children = (
				B536C106188DED9400C02470 /* en */,
			);
			name = InfoPlist.strings;
			sourceTree = "<group>";
		};
		B536C111188DED9C00C02470 /* InfoPlist.strings */ = {
			isa = PBXVariantGroup;
			children = (
				B536C112188DED9C00C02470 /* en */,
			);
			name = InfoPlist.strings;
			sourceTree = "<group>";
		};
/* End PBXVariantGroup section */

/* Begin XCBuildConfiguration section */
		B52A0D42188DED6C00C21D6C /* Debug */ = {
			isa = XCBuildConfiguration;
			buildSettings = {
				ALWAYS_SEARCH_USER_PATHS = NO;
				ARCHS = "$(ARCHS_STANDARD_INCLUDING_64_BIT)";
				CLANG_CXX_LANGUAGE_STANDARD = "gnu++0x";
				CLANG_CXX_LIBRARY = "libc++";
				CLANG_ENABLE_MODULES = YES;
				CLANG_ENABLE_OBJC_ARC = YES;
				CLANG_WARN_BOOL_CONVERSION = YES;
				CLANG_WARN_CONSTANT_CONVERSION = YES;
				CLANG_WARN_DIRECT_OBJC_ISA_USAGE = YES_ERROR;
				CLANG_WARN_EMPTY_BODY = YES;
				CLANG_WARN_ENUM_CONVERSION = YES;
				CLANG_WARN_INT_CONVERSION = YES;
				CLANG_WARN_OBJC_ROOT_CLASS = YES_ERROR;
				CLANG_WARN__DUPLICATE_METHOD_MATCH = YES;
				"CODE_SIGN_IDENTITY[sdk=iphoneos*]" = "iPhone Developer";
				COPY_PHASE_STRIP = NO;
				GCC_C_LANGUAGE_STANDARD = gnu99;
				GCC_DYNAMIC_NO_PIC = NO;
				GCC_OPTIMIZATION_LEVEL = 0;
				GCC_PREPROCESSOR_DEFINITIONS = (
					"DEBUG=1",
					"$(inherited)",
				);
				GCC_SYMBOLS_PRIVATE_EXTERN = NO;
				GCC_WARN_64_TO_32_BIT_CONVERSION = YES;
				GCC_WARN_ABOUT_RETURN_TYPE = YES_ERROR;
				GCC_WARN_UNDECLARED_SELECTOR = YES;
				GCC_WARN_UNINITIALIZED_AUTOS = YES;
				GCC_WARN_UNUSED_FUNCTION = YES;
				GCC_WARN_UNUSED_VARIABLE = YES;
				IPHONEOS_DEPLOYMENT_TARGET = 7.0;
				ONLY_ACTIVE_ARCH = YES;
				SDKROOT = iphoneos;
			};
			name = Debug;
		};
		B52A0D43188DED6C00C21D6C /* Release */ = {
			isa = XCBuildConfiguration;
			buildSettings = {
				ALWAYS_SEARCH_USER_PATHS = NO;
				ARCHS = "$(ARCHS_STANDARD_INCLUDING_64_BIT)";
				CLANG_CXX_LANGUAGE_STANDARD = "gnu++0x";
				CLANG_CXX_LIBRARY = "libc++";
				CLANG_ENABLE_MODULES = YES;
				CLANG_ENABLE_OBJC_ARC = YES;
				CLANG_WARN_BOOL_CONVERSION = YES;
				CLANG_WARN_CONSTANT_CONVERSION = YES;
				CLANG_WARN_DIRECT_OBJC_ISA_USAGE = YES_ERROR;
				CLANG_WARN_EMPTY_BODY = YES;
				CLANG_WARN_ENUM_CONVERSION = YES;
				CLANG_WARN_INT_CONVERSION = YES;
				CLANG_WARN_OBJC_ROOT_CLASS = YES_ERROR;
				CLANG_WARN__DUPLICATE_METHOD_MATCH = YES;
				"CODE_SIGN_IDENTITY[sdk=iphoneos*]" = "iPhone Developer";
				COPY_PHASE_STRIP = YES;
				ENABLE_NS_ASSERTIONS = NO;
				GCC_C_LANGUAGE_STANDARD = gnu99;
				GCC_WARN_64_TO_32_BIT_CONVERSION = YES;
				GCC_WARN_ABOUT_RETURN_TYPE = YES_ERROR;
				GCC_WARN_UNDECLARED_SELECTOR = YES;
				GCC_WARN_UNINITIALIZED_AUTOS = YES;
				GCC_WARN_UNUSED_FUNCTION = YES;
				GCC_WARN_UNUSED_VARIABLE = YES;
				IPHONEOS_DEPLOYMENT_TARGET = 7.0;
				SDKROOT = iphoneos;
				VALIDATE_PRODUCT = YES;
			};
			name = Release;
		};
		B52A0D45188DED6C00C21D6C /* Debug */ = {
			isa = XCBuildConfiguration;
			baseConfigurationReference = E93DE9D0A47914EF61C0E278 /* Pods.debug.xcconfig */;
			buildSettings = {
				ASSETCATALOG_COMPILER_APPICON_NAME = AppIcon;
				ASSETCATALOG_COMPILER_LAUNCHIMAGE_NAME = LaunchImage;
				GCC_PRECOMPILE_PREFIX_HEADER = YES;
				GCC_PREFIX_HEADER = Classes/Prefix.pch;
				INFOPLIST_FILE = "$(SRCROOT)/Classes/Info.plist";
				PRODUCT_NAME = "$(TARGET_NAME)";
				TARGETED_DEVICE_FAMILY = 1;
				WRAPPER_EXTENSION = app;
			};
			name = Debug;
		};
		B52A0D46188DED6C00C21D6C /* Release */ = {
			isa = XCBuildConfiguration;
			baseConfigurationReference = DAA188196C9D81BE0DB0A0CB /* Pods.release.xcconfig */;
			buildSettings = {
				ASSETCATALOG_COMPILER_APPICON_NAME = AppIcon;
				ASSETCATALOG_COMPILER_LAUNCHIMAGE_NAME = LaunchImage;
				GCC_PRECOMPILE_PREFIX_HEADER = YES;
				GCC_PREFIX_HEADER = Classes/Prefix.pch;
				INFOPLIST_FILE = "$(SRCROOT)/Classes/Info.plist";
				PRODUCT_NAME = "$(TARGET_NAME)";
				TARGETED_DEVICE_FAMILY = 1;
				WRAPPER_EXTENSION = app;
			};
			name = Release;
		};
		B52A0D48188DED6C00C21D6C /* Debug */ = {
			isa = XCBuildConfiguration;
			baseConfigurationReference = 70EB720583C2358271A8F2EC /* Pods-Specs.debug.xcconfig */;
			buildSettings = {
				ARCHS = "$(ARCHS_STANDARD_INCLUDING_64_BIT)";
				BUNDLE_LOADER = "$(BUILT_PRODUCTS_DIR)/BDKAutomatic.app/BDKAutomatic";
				FRAMEWORK_SEARCH_PATHS = (
					"$(SDKROOT)/Developer/Library/Frameworks",
					"$(inherited)",
					"$(DEVELOPER_FRAMEWORKS_DIR)",
				);
				GCC_PRECOMPILE_PREFIX_HEADER = YES;
				GCC_PREFIX_HEADER = "BDKAutomatic/BDKAutomatic-Prefix.pch";
				GCC_PREPROCESSOR_DEFINITIONS = (
					"DEBUG=1",
					"$(inherited)",
				);
				INFOPLIST_FILE = "BDKAutomaticTests/BDKAutomaticTests-Info.plist";
				PRODUCT_NAME = "$(TARGET_NAME)";
				TEST_HOST = "$(BUNDLE_LOADER)";
				WRAPPER_EXTENSION = xctest;
			};
			name = Debug;
		};
		B52A0D49188DED6C00C21D6C /* Release */ = {
			isa = XCBuildConfiguration;
			baseConfigurationReference = F3F51D676EFA11B4330A349B /* Pods-Specs.release.xcconfig */;
			buildSettings = {
				ARCHS = "$(ARCHS_STANDARD_INCLUDING_64_BIT)";
				BUNDLE_LOADER = "$(BUILT_PRODUCTS_DIR)/BDKAutomatic.app/BDKAutomatic";
				FRAMEWORK_SEARCH_PATHS = (
					"$(SDKROOT)/Developer/Library/Frameworks",
					"$(inherited)",
					"$(DEVELOPER_FRAMEWORKS_DIR)",
				);
				GCC_PRECOMPILE_PREFIX_HEADER = YES;
				GCC_PREFIX_HEADER = "BDKAutomatic/BDKAutomatic-Prefix.pch";
				INFOPLIST_FILE = "BDKAutomaticTests/BDKAutomaticTests-Info.plist";
				PRODUCT_NAME = "$(TARGET_NAME)";
				TEST_HOST = "$(BUNDLE_LOADER)";
				WRAPPER_EXTENSION = xctest;
			};
			name = Release;
		};
/* End XCBuildConfiguration section */

/* Begin XCConfigurationList section */
		B52A0D13188DED6B00C21D6C /* Build configuration list for PBXProject "BDKAutomatic" */ = {
			isa = XCConfigurationList;
			buildConfigurations = (
				B52A0D42188DED6C00C21D6C /* Debug */,
				B52A0D43188DED6C00C21D6C /* Release */,
			);
			defaultConfigurationIsVisible = 0;
			defaultConfigurationName = Release;
		};
		B52A0D44188DED6C00C21D6C /* Build configuration list for PBXNativeTarget "BDKAutomatic" */ = {
			isa = XCConfigurationList;
			buildConfigurations = (
				B52A0D45188DED6C00C21D6C /* Debug */,
				B52A0D46188DED6C00C21D6C /* Release */,
			);
			defaultConfigurationIsVisible = 0;
			defaultConfigurationName = Release;
		};
		B52A0D47188DED6C00C21D6C /* Build configuration list for PBXNativeTarget "Specs" */ = {
			isa = XCConfigurationList;
			buildConfigurations = (
				B52A0D48188DED6C00C21D6C /* Debug */,
				B52A0D49188DED6C00C21D6C /* Release */,
			);
			defaultConfigurationIsVisible = 0;
			defaultConfigurationName = Release;
		};
/* End XCConfigurationList section */
	};
	rootObject = B52A0D10188DED6B00C21D6C /* Project object */;
}
