PODS:
  - AFNetworking/NSURLConnection (2.5.2):
    - AFNetworking/Reachability
    - AFNetworking/Security
    - AFNetworking/Serialization
  - AFNetworking/Reachability (2.5.2)
  - AFNetworking/Security (2.5.2)
  - AFNetworking/Serialization (2.5.2)
  - BDKAutomatic (0.1.0):
    - BDKAutomatic/Adapter (= 0.1.0)
    - BDKAutomatic/MKPolyline (= 0.1.0)
  - BDKAutomatic/Adapter (0.1.0):
    - AFNetworking/NSURLConnection (~> 2.0)
  - BDKAutomatic/MKPolyline (0.1.0)
  - Expecta (HEAD based on 0.3.2)
  - Reveal-iOS-SDK (1.5.1)
  - Specta (HEAD based on 0.4.0)

DEPENDENCIES:
  - BDKAutomatic (from `../BDKAutomatic.podspec`)
  - Expecta (HEAD)
  - Reveal-iOS-SDK
  - Specta (HEAD)

EXTERNAL SOURCES:
  BDKAutomatic:
    :path: ../BDKAutomatic.podspec

SPEC CHECKSUMS:
  AFNetworking: fefbce9660acb17f48ae0011292d4da0f457bf36
  BDKAutomatic: 773b5a584d4fcbe399e06cc0cc7cf9f2e0508244
  Expecta: 8c507baf13211207b1e9d0a741480600e6b4ed15
  Reveal-iOS-SDK: c9c55cad2729c85f6ced415f1b21857c9a2d8ef9
  Specta: a353759f073ffcc0a365b782fe4aaeac064c03c6

COCOAPODS: 0.36.0
